
Microsoft Visual Studio Solution File, Format Version 12.00
# Visual Studio Version 17
VisualStudioVersion = 17.14.36811.4
MinimumVisualStudioVersion = 10.0.40219.1
Project("{FAE04EC0-301F-11D3-BF4B-00C04F79EFBC}") = "WordAddIn", "WordAddIn\WordAddIn.csproj", "{9E4B5A1F-B1E7-42BF-B060-EEF7E3313021}"
EndProject
Project("{FAE04EC0-301F-11D3-BF4B-00C04F79EFBC}") = "WordLibrary", "WordLibrary\WordLibrary.csproj", "{19968E34-78E6-4732-B2EB-DD56C88166BE}"
EndProject
Project("{FAE04EC0-301F-11D3-BF4B-00C04F79EFBC}") = "TagRunner", "TagRunner\TagRunner.csproj", "{B414CFE2-F5BD-4292-A841-DB5FCD0C718B}"
EndProject
Project("{FAE04EC0-301F-11D3-BF4B-00C04F79EFBC}") = "TestProject", "TestProject\TestProject.csproj", "{FADAE080-9670-4B87-87B3-E5F65E163C5E}"
EndProject
Project("{FAE04EC0-301F-11D3-BF4B-00C04F79EFBC}") = "UI", "UI\UI.csproj", "{C298889B-9D35-4CE7-A321-4F936DD22205}"
EndProject
Project("{FAE04EC0-301F-11D3-BF4B-00C04F79EFBC}") = "Core.QuestionBank", "Core.QuestionBank\Core.QuestionBank.csproj", "{1E4E97E1-4849-4908-BBFF-B99242BB50CE}"
EndProject
Global
	GlobalSection(SolutionConfigurationPlatforms) = preSolution
		Debug|Any CPU = Debug|Any CPU
		Release|Any CPU = Release|Any CPU
	EndGlobalSection
	GlobalSection(ProjectConfigurationPlatforms) = postSolution
		{9E4B5A1F-B1E7-42BF-B060-EEF7E3313021}.Debug|Any CPU.ActiveCfg = Debug|Any CPU
		{9E4B5A1F-B1E7-42BF-B060-EEF7E3313021}.Debug|Any CPU.Build.0 = Debug|Any CPU
		{9E4B5A1F-B1E7-42BF-B060-EEF7E3313021}.Release|Any CPU.ActiveCfg = Release|Any CPU
		{9E4B5A1F-B1E7-42BF-B060-EEF7E3313021}.Release|Any CPU.Build.0 = Release|Any CPU
		{19968E34-78E6-4732-B2EB-DD56C88166BE}.Debug|Any CPU.ActiveCfg = Debug|Any CPU
		{19968E34-78E6-4732-B2EB-DD56C88166BE}.Debug|Any CPU.Build.0 = Debug|Any CPU
		{19968E34-78E6-4732-B2EB-DD56C88166BE}.Release|Any CPU.ActiveCfg = Release|Any CPU
		{19968E34-78E6-4732-B2EB-DD56C88166BE}.Release|Any CPU.Build.0 = Release|Any CPU
		{B414CFE2-F5BD-4292-A841-DB5FCD0C718B}.Debug|Any CPU.ActiveCfg = Debug|Any CPU
		{B414CFE2-F5BD-4292-A841-DB5FCD0C718B}.Debug|Any CPU.Build.0 = Debug|Any CPU
		{B414CFE2-F5BD-4292-A841-DB5FCD0C718B}.Release|Any CPU.ActiveCfg = Release|Any CPU
		{B414CFE2-F5BD-4292-A841-DB5FCD0C718B}.Release|Any CPU.Build.0 = Release|Any CPU
		{FADAE080-9670-4B87-87B3-E5F65E163C5E}.Debug|Any CPU.ActiveCfg = Debug|Any CPU
		{FADAE080-9670-4B87-87B3-E5F65E163C5E}.Debug|Any CPU.Build.0 = Debug|Any CPU
		{FADAE080-9670-4B87-87B3-E5F65E163C5E}.Release|Any CPU.ActiveCfg = Release|Any CPU
		{FADAE080-9670-4B87-87B3-E5F65E163C5E}.Release|Any CPU.Build.0 = Release|Any CPU
		{C298889B-9D35-4CE7-A321-4F936DD22205}.Debug|Any CPU.ActiveCfg = Debug|Any CPU
		{C298889B-9D35-4CE7-A321-4F936DD22205}.Debug|Any CPU.Build.0 = Debug|Any CPU
		{C298889B-9D35-4CE7-A321-4F936DD22205}.Release|Any CPU.ActiveCfg = Release|Any CPU
		{C298889B-9D35-4CE7-A321-4F936DD22205}.Release|Any CPU.Build.0 = Release|Any CPU
		{1E4E97E1-4849-4908-BBFF-B99242BB50CE}.Debug|Any CPU.ActiveCfg = Debug|Any CPU
		{1E4E97E1-4849-4908-BBFF-B99242BB50CE}.Debug|Any CPU.Build.0 = Debug|Any CPU
		{1E4E97E1-4849-4908-BBFF-B99242BB50CE}.Release|Any CPU.ActiveCfg = Release|Any CPU
		{1E4E97E1-4849-4908-BBFF-B99242BB50CE}.Release|Any CPU.Build.0 = Release|Any CPU
	EndGlobalSection
	GlobalSection(SolutionProperties) = preSolution
		HideSolutionNode = FALSE
	EndGlobalSection
	GlobalSection(ExtensibilityGlobals) = postSolution
		SolutionGuid = {3B8AE812-6E91-4C0C-A2F0-25823BA28DEE}
	EndGlobalSection
EndGlobal
